github.com/bgentry/speakeasy v0.1.0 h1:ByYyxL9InA1OWqxJqqp2A5pYHUrCiAL6K3J+LKSsQkY=
github.com/bgentry/speakeasy v0.1.0/go.mod h1:+zsyZBPWlz7T6j88CTgSN5bM796AkVf0kBD4zp0CCIs=
github.com/blang/semver v3.5.1+incompatible h1:cQNTCjp13qL8KC3Nbxr/y2Bqb63oX6wdnnjpJbkM4JQ=
github.com/blang/semver v3.5.1+incompatible/go.mod h1:kRBLl5iJ+tD4TcOOxsy/0fnwebNt5EWlYSAyrTnjyyk=
github.com/davecgh/go-spew v1.1.0 h1:ZDRjVQ15GmhC3fiQ8ni8+OwkZQO4DARzQgrnXU1Liz8=
github.com/davecgh/go-spew v1.1.0/go.mod h1:J7Y8YcW2NihsgmVo/mv3lAwl/skON4iLHjSsI+c5H38=
github.com/fatih/color v1.7.0 h1:DkWD4oS2D8LGGgTQ6IvwJJXSL5Vp2ffcQg58nFV38Ys=
github.com/fatih/color v1.7.0/go.mod h1:Zm6kSWBoL9eyXnKyktHP6abPY2pDugNf5KwzbycvMj4=
github.com/golang/protobuf v0.0.0-20170613224224-e325f446bebc/go.mod h1:6lQm79b+lXiMfvg/cZm0SGofjICqVBUtrP5yJMmIC1U=
github.com/google/go-github v0.0.0-20170604030111-7a51fb928f52 h1:RO1+F2JB1BPRWnm4WDgfkW7Y4l1F+AyemYnlYtmDP3s=
github.com/google/go-github v0.0.0-20170604030111-7a51fb928f52/go.mod h1:zLgOLi98H3fifZn+44m+umXrS52loVEgC2AApnigrVQ=
github.com/google/go-querystring v0.0.0-20170111101155-53e6ce116135 h1:zLTLjkaOFEFIOxY5BWLFLwh+cL8vOBW4XJ2aqLE/Tf0=
github.com/google/go-querystring v0.0.0-20170111101155-53e6ce116135/go.mod h1:odCYkC5MyYFN7vkCjXpyrEuKhc/BUO6wN/zVPAxq5ck=
github.com/hashicorp/errwrap v0.0.0-20141028054710-7554cd9344ce h1:prjrVgOk2Yg6w+PflHoszQNLTUh4kaByUcEWM/9uin4=
github.com/hashicorp/errwrap v0.0.0-20141028054710-7554cd9344ce/go.mod h1:YH+1FKiLXxHSkmPseP+kNlulaMuP3n2brvKWEqk/Jc4=
github.com/hashicorp/go-multierror v0.0.0-20161216184304-ed905158d874 h1:cAv7ZbSmyb1wjn6T4TIiyFCkpcfgpbcNNC3bM2srLaI=
github.com/hashicorp/go-multierror v0.0.0-20161216184304-ed905158d874/go.mod h1:JMRHfdO9jKNzS/+BTlxCjKNQHg/jZAft8U7LloJvN7I=
github.com/mattn/go-colorable v0.1.1 h1:G1f5SKeVxmagw/IyvzvtZE4Gybcc4Tr1tf7I8z0XgOg=
github.com/mattn/go-colorable v0.1.1/go.mod h1:FuOcm+DKB9mbwrcAfNl7/TZVBZ6rcnceauSikq3lYCQ=
github.com/mattn/go-isatty v0.0.5/go.mod h1:Iq45c/XA43vh69/j3iqttzPXn0bhXyGjM0Hdxcsrc5s=
github.com/mattn/go-isatty v0.0.7 h1:UvyT9uN+3r7yLEYSlJsbQGdsaB/a0DlgWP3pql6iwOc=
github.com/mattn/go-isatty v0.0.7/go.mod h1:Iq45c/XA43vh69/j3iqttzPXn0bhXyGjM0Hdxcsrc5s=
github.com/pelletier/go-buffruneio v0.2.0 h1:U4t4R6YkofJ5xHm3dJzuRpPZ0mr5MMCoAWooScCR7aA=
github.com/pelletier/go-buffruneio v0.2.0/go.mod h1:JkE26KsDizTr40EUHkXVtNPvgGtbSNq5BcowyYOWdKo=
github.com/pelletier/go-toml v0.0.0-20170602065532-fe7536c3dee2 h1:R8IuqpiwO2+eDcNz+Ic88Xn1OMUjmC9HWdRRmlORhEE=
github.com/pelletier/go-toml v0.0.0-20170602065532-fe7536c3dee2/go.mod h1:5z9KED0ma1S8pY6P1sdut58dfprrGBbd/94hg7ilaic=
github.com/pmezard/go-difflib v1.0.0 h1:4DBwDE0NGyQoBHbLQYPwSUPoCMWR5BEzIk/f1lZbAQM=
github.com/pmezard/go-difflib v1.0.0/go.mod h1:iKH77koFhYxTK1pcRnkKkqfTogsbg7gZNVY4sRDYZ/4=
github.com/stretchr/testify v0.0.0-20170601210322-f6abca593680 h1:k3Cv7ttquofwySV/QIpSg4f2UYl/sPXAoTKIxO9CNGc=
github.com/stretchr/testify v0.0.0-20170601210322-f6abca593680/go.mod h1:a8OnRcib4nhh0OaRAV+Yts87kKdq0PP7pXfy6kDkUVs=
github.com/urfave/cli v0.0.0-20170612000038-cf33a9befefd h1:Wk6e4p3hxb5tJ9h7kq18Lj72PRj+H6LgkduN8fyx+bo=
github.com/urfave/cli v0.0.0-20170612000038-cf33a9befefd/go.mod h1:70zkFmudgCuE/ngEzBv17Jvp/497gISqfk5gWijbERA=
golang.org/x/net v0.0.0-20170613075437-dfe83d419c94 h1:EdIET8whq4N22VwgYx7yzsJdhY+2fC3YUfxpy7MYPaY=
golang.org/x/net v0.0.0-20170613075437-dfe83d419c94/go.mod h1:mL1N/T3taQHkDXs73rZJwtUhF3w3ftmwwsq0BUmARs4=
golang.org/x/oauth2 v0.0.0-20170517174439-f047394b6d14 h1:5fvqvN1Glau4dT9f9CReJ/5DQdgl50EfDOzX7jBecZg=
golang.org/x/oauth2 v0.0.0-20170517174439-f047394b6d14/go.mod h1:N/0e6XlmueqKjAGxoOufVs8QHGRruUQn6yWY3a++T0U=
golang.org/x/sys v0.0.0-20190222072716-a9d3bda3a223/go.mod h1:STP8DvDyc/dI5b8T5hshtkjS+E42TnysNCUPdjciGhY=
google.golang.org/appengine v0.0.0-20170522224838-a2f4131514e5/go.mod h1:EbEs0AVv82hx2wNQdGPgUI5lhzA/G0D9YwlJXL52JkM=
gopkg.in/yaml.v2 v2.0.0-20170407172122-cd8b52f8269e h1:o/mfNjxpTLivuKEfxzzwrJ8PmulH2wEp7t713uMwKAA=
gopkg.in/yaml.v2 v2.0.0-20170407172122-cd8b52f8269e/go.mod h1:JAlM8MvJe8wmxCU4Bli9HhUf9+ttbYbLASfIpnQbh74=
